{
  "name": "securityapp",
  "lockfileVersion": 3,
  "requires": true,
  "packages": {
    "": {
      "dependencies": {
        "react-native-geolocation-service": "^5.3.1"
      }
    },
    "node_modules/react-native-geolocation-service": {
      "version": "5.3.1",
      "resolved": "https://registry.npmjs.org/react-native-geolocation-service/-/react-native-geolocation-service-5.3.1.tgz",
      "integrity": "sha512-LTXPtPNmrdhx+yeWG47sAaCgQc3nG1z+HLLHlhK/5YfOgfLcAb9HAkhREPjQKPZOUx8pKZMIpdGFUGfJYtimXQ==",
      "license": "MIT"
    }
  }
}
